
Microsoft Visual Studio Solution File, Format Version 12.00
# Visual Studio 15
VisualStudioVersion = 15.0.28307.1622
MinimumVisualStudioVersion = 10.0.40219.1
Project("{FAE04EC0-301F-11D3-BF4B-00C04F79EFBC}") = "Homework_8.4", "Homework_8.4\Homework_8.4.csproj", "{9AB0C2DA-099B-450F-B3FE-69B2A65DD226}"
EndProject
Global
	GlobalSection(SolutionConfigurationPlatforms) = preSolution
		Debug|Any CPU = Debug|Any CPU
		Release|Any CPU = Release|Any CPU
	EndGlobalSection
	GlobalSection(ProjectConfigurationPlatforms) = postSolution
		{9AB0C2DA-099B-450F-B3FE-69B2A65DD226}.Debug|Any CPU.ActiveCfg = Debug|Any CPU
		{9AB0C2DA-099B-450F-B3FE-69B2A65DD226}.Debug|Any CPU.Build.0 = Debug|Any CPU
		{9AB0C2DA-099B-450F-B3FE-69B2A65DD226}.Release|Any CPU.ActiveCfg = Release|Any CPU
		{9AB0C2DA-099B-450F-B3FE-69B2A65DD226}.Release|Any CPU.Build.0 = Release|Any CPU
	EndGlobalSection
	GlobalSection(SolutionProperties) = preSolution
		HideSolutionNode = FALSE
	EndGlobalSection
	GlobalSection(ExtensibilityGlobals) = postSolution
		SolutionGuid = {950045B9-2C23-47E8-B709-309E7E08D3A6}
	EndGlobalSection
EndGlobal
